// !$*UTF8*$!
{
	archiveVersion = 1;
	classes = {
	};
	objectVersion = 54;
	objects = {

/* Begin PBXBuildFile section */
		00E356F31AD99517003FC87E /* WhoCallsTests.m in Sources */ = {isa = PBXBuildFile; fileRef = 00E356F21AD99517003FC87E /* WhoCallsTests.m */; };
		059BB65B9E3BA846034FC1D6 /* libPods-WhoCalls.a in Frameworks */ = {isa = PBXBuildFile; fileRef = A14110B3F880D3ACE4C32C2D /* libPods-WhoCalls.a */; };
		05C005F1ACD94E258D335F0A /* Entypo.ttf in Resources */ = {isa = PBXBuildFile; fileRef = FD99AEABA76B471BADBAC980 /* Entypo.ttf */; };
		0838AE14161B4E919D26DE95 /* Fontisto.ttf in Resources */ = {isa = PBXBuildFile; fileRef = FD626A18B81A4E6DABBAB638 /* Fontisto.ttf */; };
		09F4FD1DF14844E0B27BCEB2 /* Octicons.ttf in Resources */ = {isa = PBXBuildFile; fileRef = CF29D3489CD04A7FBD96C980 /* Octicons.ttf */; };
		13B07FBC1A68108700A75B9A /* AppDelegate.mm in Sources */ = {isa = PBXBuildFile; fileRef = 13B07FB01A68108700A75B9A /* AppDelegate.mm */; };
		13B07FBF1A68108700A75B9A /* Images.xcassets in Resources */ = {isa = PBXBuildFile; fileRef = 13B07FB51A68108700A75B9A /* Images.xcassets */; };
		13B07FC11A68108700A75B9A /* main.m in Sources */ = {isa = PBXBuildFile; fileRef = 13B07FB71A68108700A75B9A /* main.m */; };
		1BE29DDA8E254CD68E5CD2F2 /* Feather.ttf in Resources */ = {isa = PBXBuildFile; fileRef = A10832CAE8ED4836AFE56D97 /* Feather.ttf */; };
		230F33DB00A8485E815F45E2 /* FontAwesome6_Solid.ttf in Resources */ = {isa = PBXBuildFile; fileRef = 3E7FF0DD7A794D85A9B8B828 /* FontAwesome6_Solid.ttf */; };
		27CEAB8A9CDC4D2C915DBB62 /* FontAwesome.ttf in Resources */ = {isa = PBXBuildFile; fileRef = 11CEDF6D8CFA4C70A1A29B5E /* FontAwesome.ttf */; };
		327C12698A72462A8DAF931A /* FontAwesome5_Regular.ttf in Resources */ = {isa = PBXBuildFile; fileRef = 0E40291607D1439A801B6494 /* FontAwesome5_Regular.ttf */; };
		37F4F1E72DA8AA4100DF6EA2 /* WhoCallsSDK.xcframework in Frameworks */ = {isa = PBXBuildFile; fileRef = 37F4F1E62DA8AA4100DF6EA2 /* WhoCallsSDK.xcframework */; };
		37F4F1E82DA8AA4100DF6EA2 /* WhoCallsSDK.xcframework in Embed Frameworks */ = {isa = PBXBuildFile; fileRef = 37F4F1E62DA8AA4100DF6EA2 /* WhoCallsSDK.xcframework */; settings = {ATTRIBUTES = (CodeSignOnCopy, RemoveHeadersOnCopy, ); }; };
		37F4F1ED2DA8CB4F00DF6EA2 /* KLMobileSecurity.xcframework in Frameworks */ = {isa = PBXBuildFile; fileRef = 37F4F1EA2DA8CB4E00DF6EA2 /* KLMobileSecurity.xcframework */; };
		37F4F1EE2DA8CB4F00DF6EA2 /* KLMobileSecurity.xcframework in Embed Frameworks */ = {isa = PBXBuildFile; fileRef = 37F4F1EA2DA8CB4E00DF6EA2 /* KLMobileSecurity.xcframework */; settings = {ATTRIBUTES = (CodeSignOnCopy, RemoveHeadersOnCopy, ); }; };
		37F4F1EF2DA8CB4F00DF6EA2 /* WhoCallsCXPlugIn.xcframework in Frameworks */ = {isa = PBXBuildFile; fileRef = 37F4F1EB2DA8CB4E00DF6EA2 /* WhoCallsCXPlugIn.xcframework */; };
		37F4F1F02DA8CB4F00DF6EA2 /* WhoCallsCXPlugIn.xcframework in Embed Frameworks */ = {isa = PBXBuildFile; fileRef = 37F4F1EB2DA8CB4E00DF6EA2 /* WhoCallsCXPlugIn.xcframework */; settings = {ATTRIBUTES = (CodeSignOnCopy, RemoveHeadersOnCopy, ); }; };
		37F4F1F12DA8CB4F00DF6EA2 /* WhoCallsCore.xcframework in Frameworks */ = {isa = PBXBuildFile; fileRef = 37F4F1EC2DA8CB4F00DF6EA2 /* WhoCallsCore.xcframework */; };
		37F4F1F22DA8CB4F00DF6EA2 /* WhoCallsCore.xcframework in Embed Frameworks */ = {isa = PBXBuildFile; fileRef = 37F4F1EC2DA8CB4F00DF6EA2 /* WhoCallsCore.xcframework */; settings = {ATTRIBUTES = (CodeSignOnCopy, RemoveHeadersOnCopy, ); }; };
		461980CE705D444E87489329 /* AntDesign.ttf in Resources */ = {isa = PBXBuildFile; fileRef = 61E61BBEC0BF47F7B36D3C20 /* AntDesign.ttf */; };
		48761C0AE3F84D208F9AB70D /* Zocial.ttf in Resources */ = {isa = PBXBuildFile; fileRef = A7F24FB2784140E3A9B7F691 /* Zocial.ttf */; };
		716ADDA26C274CD5A5F8BE3E /* FontAwesome5_Brands.ttf in Resources */ = {isa = PBXBuildFile; fileRef = A0B1DB46792847E6981FD48B /* FontAwesome5_Brands.ttf */; };
		773B9B4D40E7428FB0058C15 /* FontAwesome6_Regular.ttf in Resources */ = {isa = PBXBuildFile; fileRef = 4BA645975A8D45079AF6A9B8 /* FontAwesome6_Regular.ttf */; };
		77C2F5B078A4465B9B233844 /* EvilIcons.ttf in Resources */ = {isa = PBXBuildFile; fileRef = 1EBC75B74FFF4F67A511A810 /* EvilIcons.ttf */; };
		81AB9BB82411601600AC10FF /* LaunchScreen.storyboard in Resources */ = {isa = PBXBuildFile; fileRef = 81AB9BB72411601600AC10FF /* LaunchScreen.storyboard */; };
		96F3AD9B3B554090809111B9 /* Foundation.ttf in Resources */ = {isa = PBXBuildFile; fileRef = 8B4A90B88A034D519081A57B /* Foundation.ttf */; };
		9D1A5CDCD1A84658A7640BDC /* SimpleLineIcons.ttf in Resources */ = {isa = PBXBuildFile; fileRef = CE7BD514EAD94026B90940F5 /* SimpleLineIcons.ttf */; };
		9D94419D4349ED46D0EA4B12 /* libPods-WhoCalls-WhoCallsTests.a in Frameworks */ = {isa = PBXBuildFile; fileRef = 1F0E06E432C60E5626017EF3 /* libPods-WhoCalls-WhoCallsTests.a */; };
		B5CE9E0DC3624CE28CFD1836 /* Ionicons.ttf in Resources */ = {isa = PBXBuildFile; fileRef = 1D27AFC2F05748C1B932E062 /* Ionicons.ttf */; };
		C879DCB1AC4C45E09C534CDD /* FontAwesome6_Brands.ttf in Resources */ = {isa = PBXBuildFile; fileRef = EFCF76F0B5004922B9441010 /* FontAwesome6_Brands.ttf */; };
		D1C99356872540AB82129C39 /* FontAwesome5_Solid.ttf in Resources */ = {isa = PBXBuildFile; fileRef = 79462468E10B4EB6B01AA176 /* FontAwesome5_Solid.ttf */; };
		DDEE43316D9935EEC16E7E6E /* PrivacyInfo.xcprivacy in Resources */ = {isa = PBXBuildFile; fileRef = 13B07FB81A68108700A75B9A /* PrivacyInfo.xcprivacy */; };
		ECD746F43F3C48B0B04DD927 /* MaterialIcons.ttf in Resources */ = {isa = PBXBuildFile; fileRef = 916D93E37F1D4C4182CC154A /* MaterialIcons.ttf */; };
		EF81D7FF493F4DB8B8E0FED3 /* MaterialCommunityIcons.ttf in Resources */ = {isa = PBXBuildFile; fileRef = 65ED3E02A73E4B188A62E12C /* MaterialCommunityIcons.ttf */; };
/* End PBXBuildFile section */

/* Begin PBXContainerItemProxy section */
		00E356F41AD99517003FC87E /* PBXContainerItemProxy */ = {
			isa = PBXContainerItemProxy;
			containerPortal = 83CBB9F71A601CBA00E9B192 /* Project object */;
			proxyType = 1;
			remoteGlobalIDString = 13B07F861A680F5B00A75B9A;
			remoteInfo = WhoCalls;
		};
/* End PBXContainerItemProxy section */

/* Begin PBXCopyFilesBuildPhase section */
		37F4F1E92DA8AA4100DF6EA2 /* Embed Frameworks */ = {
			isa = PBXCopyFilesBuildPhase;
			buildActionMask = 2147483647;
			dstPath = "";
			dstSubfolderSpec = 10;
			files = (
				37F4F1F02DA8CB4F00DF6EA2 /* WhoCallsCXPlugIn.xcframework in Embed Frameworks */,
				37F4F1F22DA8CB4F00DF6EA2 /* WhoCallsCore.xcframework in Embed Frameworks */,
				37F4F1EE2DA8CB4F00DF6EA2 /* KLMobileSecurity.xcframework in Embed Frameworks */,
				37F4F1E82DA8AA4100DF6EA2 /* WhoCallsSDK.xcframework in Embed Frameworks */,
			);
			name = "Embed Frameworks";
			runOnlyForDeploymentPostprocessing = 0;
		};
/* End PBXCopyFilesBuildPhase section */

/* Begin PBXFileReference section */
		00E356EE1AD99517003FC87E /* WhoCallsTests.xctest */ = {isa = PBXFileReference; explicitFileType = wrapper.cfbundle; includeInIndex = 0; path = WhoCallsTests.xctest; sourceTree = BUILT_PRODUCTS_DIR; };
		00E356F11AD99517003FC87E /* Info.plist */ = {isa = PBXFileReference; lastKnownFileType = text.plist.xml; path = Info.plist; sourceTree = "<group>"; };
		00E356F21AD99517003FC87E /* WhoCallsTests.m */ = {isa = PBXFileReference; lastKnownFileType = sourcecode.c.objc; path = WhoCallsTests.m; sourceTree = "<group>"; };
		0E40291607D1439A801B6494 /* FontAwesome5_Regular.ttf */ = {isa = PBXFileReference; explicitFileType = undefined; fileEncoding = 9; includeInIndex = 0; lastKnownFileType = unknown; name = FontAwesome5_Regular.ttf; path = "../node_modules/react-native-vector-icons/Fonts/FontAwesome5_Regular.ttf"; sourceTree = "<group>"; };
		11CEDF6D8CFA4C70A1A29B5E /* FontAwesome.ttf */ = {isa = PBXFileReference; explicitFileType = undefined; fileEncoding = 9; includeInIndex = 0; lastKnownFileType = unknown; name = FontAwesome.ttf; path = "../node_modules/react-native-vector-icons/Fonts/FontAwesome.ttf"; sourceTree = "<group>"; };
		13B07F961A680F5B00A75B9A /* WhoCalls.app */ = {isa = PBXFileReference; explicitFileType = wrapper.application; includeInIndex = 0; path = WhoCalls.app; sourceTree = BUILT_PRODUCTS_DIR; };
		13B07FAF1A68108700A75B9A /* AppDelegate.h */ = {isa = PBXFileReference; fileEncoding = 4; lastKnownFileType = sourcecode.c.h; name = AppDelegate.h; path = WhoCalls/AppDelegate.h; sourceTree = "<group>"; };
		13B07FB01A68108700A75B9A /* AppDelegate.mm */ = {isa = PBXFileReference; fileEncoding = 4; lastKnownFileType = sourcecode.cpp.objcpp; name = AppDelegate.mm; path = WhoCalls/AppDelegate.mm; sourceTree = "<group>"; };
		13B07FB51A68108700A75B9A /* Images.xcassets */ = {isa = PBXFileReference; lastKnownFileType = folder.assetcatalog; name = Images.xcassets; path = WhoCalls/Images.xcassets; sourceTree = "<group>"; };
		13B07FB61A68108700A75B9A /* Info.plist */ = {isa = PBXFileReference; fileEncoding = 4; lastKnownFileType = text.plist.xml; name = Info.plist; path = WhoCalls/Info.plist; sourceTree = "<group>"; };
		13B07FB71A68108700A75B9A /* main.m */ = {isa = PBXFileReference; fileEncoding = 4; lastKnownFileType = sourcecode.c.objc; name = main.m; path = WhoCalls/main.m; sourceTree = "<group>"; };
		13B07FB81A68108700A75B9A /* PrivacyInfo.xcprivacy */ = {isa = PBXFileReference; fileEncoding = 4; lastKnownFileType = text.plist.xml; name = PrivacyInfo.xcprivacy; path = WhoCalls/PrivacyInfo.xcprivacy; sourceTree = "<group>"; };
		1D27AFC2F05748C1B932E062 /* Ionicons.ttf */ = {isa = PBXFileReference; explicitFileType = undefined; fileEncoding = 9; includeInIndex = 0; lastKnownFileType = unknown; name = Ionicons.ttf; path = "../node_modules/react-native-vector-icons/Fonts/Ionicons.ttf"; sourceTree = "<group>"; };
		1EBC75B74FFF4F67A511A810 /* EvilIcons.ttf */ = {isa = PBXFileReference; explicitFileType = undefined; fileEncoding = 9; includeInIndex = 0; lastKnownFileType = unknown; name = EvilIcons.ttf; path = "../node_modules/react-native-vector-icons/Fonts/EvilIcons.ttf"; sourceTree = "<group>"; };
		1F0E06E432C60E5626017EF3 /* libPods-WhoCalls-WhoCallsTests.a */ = {isa = PBXFileReference; explicitFileType = archive.ar; includeInIndex = 0; path = "libPods-WhoCalls-WhoCallsTests.a"; sourceTree = BUILT_PRODUCTS_DIR; };
		37F4F1E62DA8AA4100DF6EA2 /* WhoCallsSDK.xcframework */ = {isa = PBXFileReference; lastKnownFileType = wrapper.xcframework; name = WhoCallsSDK.xcframework; path = "../../Documents/WhoCallsSDK-BITCODE-5.14.0.60_VTC_telecom/Frameworks/WhoCallsSDK.xcframework"; sourceTree = "<group>"; };
		37F4F1EA2DA8CB4E00DF6EA2 /* KLMobileSecurity.xcframework */ = {isa = PBXFileReference; lastKnownFileType = wrapper.xcframework; name = KLMobileSecurity.xcframework; path = "../../Documents/WhoCallsSDK-BITCODE-5.14.0.60_VTC_telecom/Frameworks/KLMobileSecurity.xcframework"; sourceTree = "<group>"; };
		37F4F1EB2DA8CB4E00DF6EA2 /* WhoCallsCXPlugIn.xcframework */ = {isa = PBXFileReference; lastKnownFileType = wrapper.xcframework; name = WhoCallsCXPlugIn.xcframework; path = "../../Documents/WhoCallsSDK-BITCODE-5.14.0.60_VTC_telecom/Frameworks/WhoCallsCXPlugIn.xcframework"; sourceTree = "<group>"; };
		37F4F1EC2DA8CB4F00DF6EA2 /* WhoCallsCore.xcframework */ = {isa = PBXFileReference; lastKnownFileType = wrapper.xcframework; name = WhoCallsCore.xcframework; path = "../../Documents/WhoCallsSDK-BITCODE-5.14.0.60_VTC_telecom/Frameworks/WhoCallsCore.xcframework"; sourceTree = "<group>"; };
		3E7FF0DD7A794D85A9B8B828 /* FontAwesome6_Solid.ttf */ = {isa = PBXFileReference; explicitFileType = undefined; fileEncoding = 9; includeInIndex = 0; lastKnownFileType = unknown; name = FontAwesome6_Solid.ttf; path = "../node_modules/react-native-vector-icons/Fonts/FontAwesome6_Solid.ttf"; sourceTree = "<group>"; };
		3FC7C2794B557C4A0046DF48 /* Pods-WhoCalls-WhoCallsTests.debug.xcconfig */ = {isa = PBXFileReference; includeInIndex = 1; lastKnownFileType = text.xcconfig; name = "Pods-WhoCalls-WhoCallsTests.debug.xcconfig"; path = "Target Support Files/Pods-WhoCalls-WhoCallsTests/Pods-WhoCalls-WhoCallsTests.debug.xcconfig"; sourceTree = "<group>"; };
		4BA645975A8D45079AF6A9B8 /* FontAwesome6_Regular.ttf */ = {isa = PBXFileReference; explicitFileType = undefined; fileEncoding = 9; includeInIndex = 0; lastKnownFileType = unknown; name = FontAwesome6_Regular.ttf; path = "../node_modules/react-native-vector-icons/Fonts/FontAwesome6_Regular.ttf"; sourceTree = "<group>"; };
		50753BCB42EF05F1DE891828 /* Pods-WhoCalls.release.xcconfig */ = {isa = PBXFileReference; includeInIndex = 1; lastKnownFileType = text.xcconfig; name = "Pods-WhoCalls.release.xcconfig"; path = "Target Support Files/Pods-WhoCalls/Pods-WhoCalls.release.xcconfig"; sourceTree = "<group>"; };
		6138325A52B4B4F2FE3E13A5 /* Pods-WhoCalls.debug.xcconfig */ = {isa = PBXFileReference; includeInIndex = 1; lastKnownFileType = text.xcconfig; name = "Pods-WhoCalls.debug.xcconfig"; path = "Target Support Files/Pods-WhoCalls/Pods-WhoCalls.debug.xcconfig"; sourceTree = "<group>"; };
		61E61BBEC0BF47F7B36D3C20 /* AntDesign.ttf */ = {isa = PBXFileReference; explicitFileType = undefined; fileEncoding = 9; includeInIndex = 0; lastKnownFileType = unknown; name = AntDesign.ttf; path = "../node_modules/react-native-vector-icons/Fonts/AntDesign.ttf"; sourceTree = "<group>"; };
		654AF43C68EF663CB0D07261 /* Pods-WhoCalls-WhoCallsTests.release.xcconfig */ = {isa = PBXFileReference; includeInIndex = 1; lastKnownFileType = text.xcconfig; name = "Pods-WhoCalls-WhoCallsTests.release.xcconfig"; path = "Target Support Files/Pods-WhoCalls-WhoCallsTests/Pods-WhoCalls-WhoCallsTests.release.xcconfig"; sourceTree = "<group>"; };
		65ED3E02A73E4B188A62E12C /* MaterialCommunityIcons.ttf */ = {isa = PBXFileReference; explicitFileType = undefined; fileEncoding = 9; includeInIndex = 0; lastKnownFileType = unknown; name = MaterialCommunityIcons.ttf; path = "../node_modules/react-native-vector-icons/Fonts/MaterialCommunityIcons.ttf"; sourceTree = "<group>"; };
		79462468E10B4EB6B01AA176 /* FontAwesome5_Solid.ttf */ = {isa = PBXFileReference; explicitFileType = undefined; fileEncoding = 9; includeInIndex = 0; lastKnownFileType = unknown; name = FontAwesome5_Solid.ttf; path = "../node_modules/react-native-vector-icons/Fonts/FontAwesome5_Solid.ttf"; sourceTree = "<group>"; };
		81AB9BB72411601600AC10FF /* LaunchScreen.storyboard */ = {isa = PBXFileReference; fileEncoding = 4; lastKnownFileType = file.storyboard; name = LaunchScreen.storyboard; path = WhoCalls/LaunchScreen.storyboard; sourceTree = "<group>"; };
		8B4A90B88A034D519081A57B /* Foundation.ttf */ = {isa = PBXFileReference; explicitFileType = undefined; fileEncoding = 9; includeInIndex = 0; lastKnownFileType = unknown; name = Foundation.ttf; path = "../node_modules/react-native-vector-icons/Fonts/Foundation.ttf"; sourceTree = "<group>"; };
		916D93E37F1D4C4182CC154A /* MaterialIcons.ttf */ = {isa = PBXFileReference; explicitFileType = undefined; fileEncoding = 9; includeInIndex = 0; lastKnownFileType = unknown; name = MaterialIcons.ttf; path = "../node_modules/react-native-vector-icons/Fonts/MaterialIcons.ttf"; sourceTree = "<group>"; };
		A0B1DB46792847E6981FD48B /* FontAwesome5_Brands.ttf */ = {isa = PBXFileReference; explicitFileType = undefined; fileEncoding = 9; includeInIndex = 0; lastKnownFileType = unknown; name = FontAwesome5_Brands.ttf; path = "../node_modules/react-native-vector-icons/Fonts/FontAwesome5_Brands.ttf"; sourceTree = "<group>"; };
		A10832CAE8ED4836AFE56D97 /* Feather.ttf */ = {isa = PBXFileReference; explicitFileType = undefined; fileEncoding = 9; includeInIndex = 0; lastKnownFileType = unknown; name = Feather.ttf; path = "../node_modules/react-native-vector-icons/Fonts/Feather.ttf"; sourceTree = "<group>"; };
		A14110B3F880D3ACE4C32C2D /* libPods-WhoCalls.a */ = {isa = PBXFileReference; explicitFileType = archive.ar; includeInIndex = 0; path = "libPods-WhoCalls.a"; sourceTree = BUILT_PRODUCTS_DIR; };
		A7F24FB2784140E3A9B7F691 /* Zocial.ttf */ = {isa = PBXFileReference; explicitFileType = undefined; fileEncoding = 9; includeInIndex = 0; lastKnownFileType = unknown; name = Zocial.ttf; path = "../node_modules/react-native-vector-icons/Fonts/Zocial.ttf"; sourceTree = "<group>"; };
		CE7BD514EAD94026B90940F5 /* SimpleLineIcons.ttf */ = {isa = PBXFileReference; explicitFileType = undefined; fileEncoding = 9; includeInIndex = 0; lastKnownFileType = unknown; name = SimpleLineIcons.ttf; path = "../node_modules/react-native-vector-icons/Fonts/SimpleLineIcons.ttf"; sourceTree = "<group>"; };
		CF29D3489CD04A7FBD96C980 /* Octicons.ttf */ = {isa = PBXFileReference; explicitFileType = undefined; fileEncoding = 9; includeInIndex = 0; lastKnownFileType = unknown; name = Octicons.ttf; path = "../node_modules/react-native-vector-icons/Fonts/Octicons.ttf"; sourceTree = "<group>"; };
		ED297162215061F000B7C4FE /* JavaScriptCore.framework */ = {isa = PBXFileReference; lastKnownFileType = wrapper.framework; name = JavaScriptCore.framework; path = System/Library/Frameworks/JavaScriptCore.framework; sourceTree = SDKROOT; };
		EFCF76F0B5004922B9441010 /* FontAwesome6_Brands.ttf */ = {isa = PBXFileReference; explicitFileType = undefined; fileEncoding = 9; includeInIndex = 0; lastKnownFileType = unknown; name = FontAwesome6_Brands.ttf; path = "../node_modules/react-native-vector-icons/Fonts/FontAwesome6_Brands.ttf"; sourceTree = "<group>"; };
		FD626A18B81A4E6DABBAB638 /* Fontisto.ttf */ = {isa = PBXFileReference; explicitFileType = undefined; fileEncoding = 9; includeInIndex = 0; lastKnownFileType = unknown; name = Fontisto.ttf; path = "../node_modules/react-native-vector-icons/Fonts/Fontisto.ttf"; sourceTree = "<group>"; };
		FD99AEABA76B471BADBAC980 /* Entypo.ttf */ = {isa = PBXFileReference; explicitFileType = undefined; fileEncoding = 9; includeInIndex = 0; lastKnownFileType = unknown; name = Entypo.ttf; path = "../node_modules/react-native-vector-icons/Fonts/Entypo.ttf"; sourceTree = "<group>"; };
/* End PBXFileReference section */

/* Begin PBXFrameworksBuildPhase section */
		00E356EB1AD99517003FC87E /* Frameworks */ = {
			isa = PBXFrameworksBuildPhase;
			buildActionMask = 2147483647;
			files = (
				9D94419D4349ED46D0EA4B12 /* libPods-WhoCalls-WhoCallsTests.a in Frameworks */,
			);
			runOnlyForDeploymentPostprocessing = 0;
		};
		13B07F8C1A680F5B00A75B9A /* Frameworks */ = {
			isa = PBXFrameworksBuildPhase;
			buildActionMask = 2147483647;
			files = (
				37F4F1ED2DA8CB4F00DF6EA2 /* KLMobileSecurity.xcframework in Frameworks */,
				059BB65B9E3BA846034FC1D6 /* libPods-WhoCalls.a in Frameworks */,
				37F4F1EF2DA8CB4F00DF6EA2 /* WhoCallsCXPlugIn.xcframework in Frameworks */,
				37F4F1F12DA8CB4F00DF6EA2 /* WhoCallsCore.xcframework in Frameworks */,
				37F4F1E72DA8AA4100DF6EA2 /* WhoCallsSDK.xcframework in Frameworks */,
			);
			runOnlyForDeploymentPostprocessing = 0;
		};
/* End PBXFrameworksBuildPhase section */

/* Begin PBXGroup section */
		00E356EF1AD99517003FC87E /* WhoCallsTests */ = {
			isa = PBXGroup;
			children = (
				00E356F21AD99517003FC87E /* WhoCallsTests.m */,
				00E356F01AD99517003FC87E /* Supporting Files */,
			);
			path = WhoCallsTests;
			sourceTree = "<group>";
		};
		00E356F01AD99517003FC87E /* Supporting Files */ = {
			isa = PBXGroup;
			children = (
				00E356F11AD99517003FC87E /* Info.plist */,
			);
			name = "Supporting Files";
			sourceTree = "<group>";
		};
		13B07FAE1A68108700A75B9A /* WhoCalls */ = {
			isa = PBXGroup;
			children = (
				13B07FAF1A68108700A75B9A /* AppDelegate.h */,
				13B07FB01A68108700A75B9A /* AppDelegate.mm */,
				13B07FB51A68108700A75B9A /* Images.xcassets */,
				13B07FB61A68108700A75B9A /* Info.plist */,
				81AB9BB72411601600AC10FF /* LaunchScreen.storyboard */,
				13B07FB71A68108700A75B9A /* main.m */,
				13B07FB81A68108700A75B9A /* PrivacyInfo.xcprivacy */,
			);
			name = WhoCalls;
			sourceTree = "<group>";
		};
		2D16E6871FA4F8E400B85C8A /* Frameworks */ = {
			isa = PBXGroup;
			children = (
				37F4F1EA2DA8CB4E00DF6EA2 /* KLMobileSecurity.xcframework */,
				37F4F1EC2DA8CB4F00DF6EA2 /* WhoCallsCore.xcframework */,
				37F4F1EB2DA8CB4E00DF6EA2 /* WhoCallsCXPlugIn.xcframework */,
				37F4F1E62DA8AA4100DF6EA2 /* WhoCallsSDK.xcframework */,
				ED297162215061F000B7C4FE /* JavaScriptCore.framework */,
				A14110B3F880D3ACE4C32C2D /* libPods-WhoCalls.a */,
				1F0E06E432C60E5626017EF3 /* libPods-WhoCalls-WhoCallsTests.a */,
			);
			name = Frameworks;
			sourceTree = "<group>";
		};
		832341AE1AAA6A7D00B99B32 /* Libraries */ = {
			isa = PBXGroup;
			children = (
			);
			name = Libraries;
			sourceTree = "<group>";
		};
		83CBB9F61A601CBA00E9B192 = {
			isa = PBXGroup;
			children = (
				13B07FAE1A68108700A75B9A /* WhoCalls */,
				832341AE1AAA6A7D00B99B32 /* Libraries */,
				00E356EF1AD99517003FC87E /* WhoCallsTests */,
				83CBBA001A601CBA00E9B192 /* Products */,
				2D16E6871FA4F8E400B85C8A /* Frameworks */,
				BBD78D7AC51CEA395F1C20DB /* Pods */,
				B747300F21E948889DCAF131 /* Resources */,
			);
			indentWidth = 2;
			sourceTree = "<group>";
			tabWidth = 2;
			usesTabs = 0;
		};
		83CBBA001A601CBA00E9B192 /* Products */ = {
			isa = PBXGroup;
			children = (
				13B07F961A680F5B00A75B9A /* WhoCalls.app */,
				00E356EE1AD99517003FC87E /* WhoCallsTests.xctest */,
			);
			name = Products;
			sourceTree = "<group>";
		};
		B747300F21E948889DCAF131 /* Resources */ = {
			isa = PBXGroup;
			children = (
				61E61BBEC0BF47F7B36D3C20 /* AntDesign.ttf */,
				FD99AEABA76B471BADBAC980 /* Entypo.ttf */,
				1EBC75B74FFF4F67A511A810 /* EvilIcons.ttf */,
				A10832CAE8ED4836AFE56D97 /* Feather.ttf */,
				11CEDF6D8CFA4C70A1A29B5E /* FontAwesome.ttf */,
				A0B1DB46792847E6981FD48B /* FontAwesome5_Brands.ttf */,
				0E40291607D1439A801B6494 /* FontAwesome5_Regular.ttf */,
				79462468E10B4EB6B01AA176 /* FontAwesome5_Solid.ttf */,
				EFCF76F0B5004922B9441010 /* FontAwesome6_Brands.ttf */,
				4BA645975A8D45079AF6A9B8 /* FontAwesome6_Regular.ttf */,
				3E7FF0DD7A794D85A9B8B828 /* FontAwesome6_Solid.ttf */,
				FD626A18B81A4E6DABBAB638 /* Fontisto.ttf */,
				8B4A90B88A034D519081A57B /* Foundation.ttf */,
				1D27AFC2F05748C1B932E062 /* Ionicons.ttf */,
				65ED3E02A73E4B188A62E12C /* MaterialCommunityIcons.ttf */,
				916D93E37F1D4C4182CC154A /* MaterialIcons.ttf */,
				CF29D3489CD04A7FBD96C980 /* Octicons.ttf */,
				CE7BD514EAD94026B90940F5 /* SimpleLineIcons.ttf */,
				A7F24FB2784140E3A9B7F691 /* Zocial.ttf */,
			);
			name = Resources;
			sourceTree = "<group>";
		};
		BBD78D7AC51CEA395F1C20DB /* Pods */ = {
			isa = PBXGroup;
			children = (
				6138325A52B4B4F2FE3E13A5 /* Pods-WhoCalls.debug.xcconfig */,
				50753BCB42EF05F1DE891828 /* Pods-WhoCalls.release.xcconfig */,
				3FC7C2794B557C4A0046DF48 /* Pods-WhoCalls-WhoCallsTests.debug.xcconfig */,
				654AF43C68EF663CB0D07261 /* Pods-WhoCalls-WhoCallsTests.release.xcconfig */,
			);
			path = Pods;
			sourceTree = "<group>";
		};
/* End PBXGroup section */

/* Begin PBXNativeTarget section */
		00E356ED1AD99517003FC87E /* WhoCallsTests */ = {
			isa = PBXNativeTarget;
			buildConfigurationList = 00E357021AD99517003FC87E /* Build configuration list for PBXNativeTarget "WhoCallsTests" */;
			buildPhases = (
				7514019DB75741338D6E8D79 /* [CP] Check Pods Manifest.lock */,
				00E356EA1AD99517003FC87E /* Sources */,
				00E356EB1AD99517003FC87E /* Frameworks */,
				00E356EC1AD99517003FC87E /* Resources */,
				76B1EECE7A0C21B0ADF67014 /* [CP] Embed Pods Frameworks */,
				87B1C6CF5672B598C7452431 /* [CP] Copy Pods Resources */,
			);
			buildRules = (
			);
			dependencies = (
				00E356F51AD99517003FC87E /* PBXTargetDependency */,
			);
			name = WhoCallsTests;
			productName = WhoCallsTests;
			productReference = 00E356EE1AD99517003FC87E /* WhoCallsTests.xctest */;
			productType = "com.apple.product-type.bundle.unit-test";
		};
		13B07F861A680F5B00A75B9A /* WhoCalls */ = {
			isa = PBXNativeTarget;
			buildConfigurationList = 13B07F931A680F5B00A75B9A /* Build configuration list for PBXNativeTarget "WhoCalls" */;
			buildPhases = (
				D7B53F3823748DC019238F89 /* [CP] Check Pods Manifest.lock */,
				13B07F871A680F5B00A75B9A /* Sources */,
				13B07F8C1A680F5B00A75B9A /* Frameworks */,
				13B07F8E1A680F5B00A75B9A /* Resources */,
				00DD1BFF1BD5951E006B06BC /* Bundle React Native code and images */,
				D75735BAC384973D84EF2A44 /* [CP] Embed Pods Frameworks */,
				72BB9FF714963F59D76C4C0B /* [CP] Copy Pods Resources */,
				37F4F1E92DA8AA4100DF6EA2 /* Embed Frameworks */,
			);
			buildRules = (
			);
			dependencies = (
			);
			name = WhoCalls;
			productName = WhoCalls;
			productReference = 13B07F961A680F5B00A75B9A /* WhoCalls.app */;
			productType = "com.apple.product-type.application";
		};
/* End PBXNativeTarget section */

/* Begin PBXProject section */
		83CBB9F71A601CBA00E9B192 /* Project object */ = {
			isa = PBXProject;
			attributes = {
				BuildIndependentTargetsInParallel = YES;
				LastUpgradeCheck = 1520;
				TargetAttributes = {
					00E356ED1AD99517003FC87E = {
						CreatedOnToolsVersion = 6.2;
						TestTargetID = 13B07F861A680F5B00A75B9A;
					};
					13B07F861A680F5B00A75B9A = {
						LastSwiftMigration = 1120;
					};
				};
			};
			buildConfigurationList = 83CBB9FA1A601CBA00E9B192 /* Build configuration list for PBXProject "WhoCalls" */;
			compatibilityVersion = "Xcode 12.0";
			developmentRegion = en;
			hasScannedForEncodings = 0;
			knownRegions = (
				en,
				Base,
			);
			mainGroup = 83CBB9F61A601CBA00E9B192;
			productRefGroup = 83CBBA001A601CBA00E9B192 /* Products */;
			projectDirPath = "";
			projectRoot = "";
			targets = (
				13B07F861A680F5B00A75B9A /* WhoCalls */,
				00E356ED1AD99517003FC87E /* WhoCallsTests */,
			);
		};
/* End PBXProject section */

/* Begin PBXResourcesBuildPhase section */
		00E356EC1AD99517003FC87E /* Resources */ = {
			isa = PBXResourcesBuildPhase;
			buildActionMask = 2147483647;
			files = (
			);
			runOnlyForDeploymentPostprocessing = 0;
		};
		13B07F8E1A680F5B00A75B9A /* Resources */ = {
			isa = PBXResourcesBuildPhase;
			buildActionMask = 2147483647;
			files = (
				81AB9BB82411601600AC10FF /* LaunchScreen.storyboard in Resources */,
				13B07FBF1A68108700A75B9A /* Images.xcassets in Resources */,
				461980CE705D444E87489329 /* AntDesign.ttf in Resources */,
				05C005F1ACD94E258D335F0A /* Entypo.ttf in Resources */,
				77C2F5B078A4465B9B233844 /* EvilIcons.ttf in Resources */,
				1BE29DDA8E254CD68E5CD2F2 /* Feather.ttf in Resources */,
				27CEAB8A9CDC4D2C915DBB62 /* FontAwesome.ttf in Resources */,
				716ADDA26C274CD5A5F8BE3E /* FontAwesome5_Brands.ttf in Resources */,
				327C12698A72462A8DAF931A /* FontAwesome5_Regular.ttf in Resources */,
				D1C99356872540AB82129C39 /* FontAwesome5_Solid.ttf in Resources */,
				C879DCB1AC4C45E09C534CDD /* FontAwesome6_Brands.ttf in Resources */,
				773B9B4D40E7428FB0058C15 /* FontAwesome6_Regular.ttf in Resources */,
				230F33DB00A8485E815F45E2 /* FontAwesome6_Solid.ttf in Resources */,
				0838AE14161B4E919D26DE95 /* Fontisto.ttf in Resources */,
				96F3AD9B3B554090809111B9 /* Foundation.ttf in Resources */,
				B5CE9E0DC3624CE28CFD1836 /* Ionicons.ttf in Resources */,
				EF81D7FF493F4DB8B8E0FED3 /* MaterialCommunityIcons.ttf in Resources */,
				ECD746F43F3C48B0B04DD927 /* MaterialIcons.ttf in Resources */,
				09F4FD1DF14844E0B27BCEB2 /* Octicons.ttf in Resources */,
				9D1A5CDCD1A84658A7640BDC /* SimpleLineIcons.ttf in Resources */,
				48761C0AE3F84D208F9AB70D /* Zocial.ttf in Resources */,
				DDEE43316D9935EEC16E7E6E /* PrivacyInfo.xcprivacy in Resources */,
			);
			runOnlyForDeploymentPostprocessing = 0;
		};
/* End PBXResourcesBuildPhase section */

/* Begin PBXShellScriptBuildPhase section */
		00DD1BFF1BD5951E006B06BC /* Bundle React Native code and images */ = {
			isa = PBXShellScriptBuildPhase;
			alwaysOutOfDate = 1;
			buildActionMask = 8;
			files = (
			);
			inputPaths = (
				"$(SRCROOT)/.xcode.env.local",
				"$(SRCROOT)/.xcode.env",
			);
			name = "Bundle React Native code and images";
			outputPaths = (
				"$(BUILT_PRODUCTS_DIR)/$(INFOPLIST_PATH)\n$(BUILT_PRODUCTS_DIR)/main.jsbundle",
			);
			runOnlyForDeploymentPostprocessing = 1;
			shellPath = /bin/sh;
			shellScript = "set -e\n\nWITH_ENVIRONMENT=\"$REACT_NATIVE_PATH/scripts/xcode/with-environment.sh\"\nREACT_NATIVE_XCODE=\"$REACT_NATIVE_PATH/scripts/react-native-xcode.sh\"\n\n/bin/sh -c \"$WITH_ENVIRONMENT $REACT_NATIVE_XCODE\"\n";
		};
		72BB9FF714963F59D76C4C0B /* [CP] Copy Pods Resources */ = {
			isa = PBXShellScriptBuildPhase;
			buildActionMask = 2147483647;
			files = (
			);
			inputFileListPaths = (
				"${PODS_ROOT}/Target Support Files/Pods-WhoCalls/Pods-WhoCalls-resources-${CONFIGURATION}-input-files.xcfilelist",
			);
			name = "[CP] Copy Pods Resources";
			outputFileListPaths = (
				"${PODS_ROOT}/Target Support Files/Pods-WhoCalls/Pods-WhoCalls-resources-${CONFIGURATION}-output-files.xcfilelist",
			);
			runOnlyForDeploymentPostprocessing = 0;
			shellPath = /bin/sh;
			shellScript = "\"${PODS_ROOT}/Target Support Files/Pods-WhoCalls/Pods-WhoCalls-resources.sh\"\n";
			showEnvVarsInLog = 0;
		};
		7514019DB75741338D6E8D79 /* [CP] Check Pods Manifest.lock */ = {
			isa = PBXShellScriptBuildPhase;
			buildActionMask = 2147483647;
			files = (
			);
			inputFileListPaths = (
			);
			inputPaths = (
				"${PODS_PODFILE_DIR_PATH}/Podfile.lock",
				"${PODS_ROOT}/Manifest.lock",
			);
			name = "[CP] Check Pods Manifest.lock";
			outputFileListPaths = (
			);
			outputPaths = (
				"$(DERIVED_FILE_DIR)/Pods-WhoCalls-WhoCallsTests-checkManifestLockResult.txt",
			);
			runOnlyForDeploymentPostprocessing = 0;
			shellPath = /bin/sh;
			shellScript = "diff \"${PODS_PODFILE_DIR_PATH}/Podfile.lock\" \"${PODS_ROOT}/Manifest.lock\" > /dev/null\nif [ $? != 0 ] ; then\n    # print error to STDERR\n    echo \"error: The sandbox is not in sync with the Podfile.lock. Run 'pod install' or update your CocoaPods installation.\" >&2\n    exit 1\nfi\n# This output is used by Xcode 'outputs' to avoid re-running this script phase.\necho \"SUCCESS\" > \"${SCRIPT_OUTPUT_FILE_0}\"\n";
			showEnvVarsInLog = 0;
		};
		76B1EECE7A0C21B0ADF67014 /* [CP] Embed Pods Frameworks */ = {
			isa = PBXShellScriptBuildPhase;
			buildActionMask = 2147483647;
			files = (
			);
			inputFileListPaths = (
				"${PODS_ROOT}/Target Support Files/Pods-WhoCalls-WhoCallsTests/Pods-WhoCalls-WhoCallsTests-frameworks-${CONFIGURATION}-input-files.xcfilelist",
			);
			name = "[CP] Embed Pods Frameworks";
			outputFileListPaths = (
				"${PODS_ROOT}/Target Support Files/Pods-WhoCalls-WhoCallsTests/Pods-WhoCalls-WhoCallsTests-frameworks-${CONFIGURATION}-output-files.xcfilelist",
			);
			runOnlyForDeploymentPostprocessing = 0;
			shellPath = /bin/sh;
			shellScript = "\"${PODS_ROOT}/Target Support Files/Pods-WhoCalls-WhoCallsTests/Pods-WhoCalls-WhoCallsTests-frameworks.sh\"\n";
			showEnvVarsInLog = 0;
		};
		87B1C6CF5672B598C7452431 /* [CP] Copy Pods Resources */ = {
			isa = PBXShellScriptBuildPhase;
			buildActionMask = 2147483647;
			files = (
			);
			inputFileListPaths = (
				"${PODS_ROOT}/Target Support Files/Pods-WhoCalls-WhoCallsTests/Pods-WhoCalls-WhoCallsTests-resources-${CONFIGURATION}-input-files.xcfilelist",
			);
			name = "[CP] Copy Pods Resources";
			outputFileListPaths = (
				"${PODS_ROOT}/Target Support Files/Pods-WhoCalls-WhoCallsTests/Pods-WhoCalls-WhoCallsTests-resources-${CONFIGURATION}-output-files.xcfilelist",
			);
			runOnlyForDeploymentPostprocessing = 0;
			shellPath = /bin/sh;
			shellScript = "\"${PODS_ROOT}/Target Support Files/Pods-WhoCalls-WhoCallsTests/Pods-WhoCalls-WhoCallsTests-resources.sh\"\n";
			showEnvVarsInLog = 0;
		};
		D75735BAC384973D84EF2A44 /* [CP] Embed Pods Frameworks */ = {
			isa = PBXShellScriptBuildPhase;
			buildActionMask = 2147483647;
			files = (
			);
			inputFileListPaths = (
				"${PODS_ROOT}/Target Support Files/Pods-WhoCalls/Pods-WhoCalls-frameworks-${CONFIGURATION}-input-files.xcfilelist",
			);
			name = "[CP] Embed Pods Frameworks";
			outputFileListPaths = (
				"${PODS_ROOT}/Target Support Files/Pods-WhoCalls/Pods-WhoCalls-frameworks-${CONFIGURATION}-output-files.xcfilelist",
			);
			runOnlyForDeploymentPostprocessing = 0;
			shellPath = /bin/sh;
			shellScript = "\"${PODS_ROOT}/Target Support Files/Pods-WhoCalls/Pods-WhoCalls-frameworks.sh\"\n";
			showEnvVarsInLog = 0;
		};
		D7B53F3823748DC019238F89 /* [CP] Check Pods Manifest.lock */ = {
			isa = PBXShellScriptBuildPhase;
			buildActionMask = 2147483647;
			files = (
			);
			inputFileListPaths = (
			);
			inputPaths = (
				"${PODS_PODFILE_DIR_PATH}/Podfile.lock",
				"${PODS_ROOT}/Manifest.lock",
			);
			name = "[CP] Check Pods Manifest.lock";
			outputFileListPaths = (
			);
			outputPaths = (
				"$(DERIVED_FILE_DIR)/Pods-WhoCalls-checkManifestLockResult.txt",
			);
			runOnlyForDeploymentPostprocessing = 0;
			shellPath = /bin/sh;
			shellScript = "diff \"${PODS_PODFILE_DIR_PATH}/Podfile.lock\" \"${PODS_ROOT}/Manifest.lock\" > /dev/null\nif [ $? != 0 ] ; then\n    # print error to STDERR\n    echo \"error: The sandbox is not in sync with the Podfile.lock. Run 'pod install' or update your CocoaPods installation.\" >&2\n    exit 1\nfi\n# This output is used by Xcode 'outputs' to avoid re-running this script phase.\necho \"SUCCESS\" > \"${SCRIPT_OUTPUT_FILE_0}\"\n";
			showEnvVarsInLog = 0;
		};
/* End PBXShellScriptBuildPhase section */

/* Begin PBXSourcesBuildPhase section */
		00E356EA1AD99517003FC87E /* Sources */ = {
			isa = PBXSourcesBuildPhase;
			buildActionMask = 2147483647;
			files = (
				00E356F31AD99517003FC87E /* WhoCallsTests.m in Sources */,
			);
			runOnlyForDeploymentPostprocessing = 0;
		};
		13B07F871A680F5B00A75B9A /* Sources */ = {
			isa = PBXSourcesBuildPhase;
			buildActionMask = 2147483647;
			files = (
				13B07FBC1A68108700A75B9A /* AppDelegate.mm in Sources */,
				13B07FC11A68108700A75B9A /* main.m in Sources */,
			);
			runOnlyForDeploymentPostprocessing = 0;
		};
/* End PBXSourcesBuildPhase section */

/* Begin PBXTargetDependency section */
		00E356F51AD99517003FC87E /* PBXTargetDependency */ = {
			isa = PBXTargetDependency;
			target = 13B07F861A680F5B00A75B9A /* WhoCalls */;
			targetProxy = 00E356F41AD99517003FC87E /* PBXContainerItemProxy */;
		};
/* End PBXTargetDependency section */

/* Begin XCBuildConfiguration section */
		00E356F61AD99517003FC87E /* Debug */ = {
			isa = XCBuildConfiguration;
			baseConfigurationReference = 3FC7C2794B557C4A0046DF48 /* Pods-WhoCalls-WhoCallsTests.debug.xcconfig */;
			buildSettings = {
				ALWAYS_EMBED_SWIFT_STANDARD_LIBRARIES = YES;
				BUNDLE_LOADER = "$(TEST_HOST)";
				GCC_PREPROCESSOR_DEFINITIONS = (
					"DEBUG=1",
					"$(inherited)",
				);
				INFOPLIST_FILE = WhoCallsTests/Info.plist;
				IPHONEOS_DEPLOYMENT_TARGET = 15.1;
				LD_RUNPATH_SEARCH_PATHS = (
					"$(inherited)",
					"@executable_path/Frameworks",
					"@loader_path/Frameworks",
				);
				OTHER_LDFLAGS = (
					"-ObjC",
					"-lc++",
					"$(inherited)",
				);
				PRODUCT_BUNDLE_IDENTIFIER = "org.reactjs.native.example.$(PRODUCT_NAME:rfc1034identifier)";
				PRODUCT_NAME = "$(TARGET_NAME)";
				TEST_HOST = "$(BUILT_PRODUCTS_DIR)/WhoCalls.app/WhoCalls";
			};
			name = Debug;
		};
		00E356F71AD99517003FC87E /* Release */ = {
			isa = XCBuildConfiguration;
			baseConfigurationReference = 654AF43C68EF663CB0D07261 /* Pods-WhoCalls-WhoCallsTests.release.xcconfig */;
			buildSettings = {
				ALWAYS_EMBED_SWIFT_STANDARD_LIBRARIES = YES;
				BUNDLE_LOADER = "$(TEST_HOST)";
				COPY_PHASE_STRIP = NO;
				INFOPLIST_FILE = WhoCallsTests/Info.plist;
				IPHONEOS_DEPLOYMENT_TARGET = 15.1;
				LD_RUNPATH_SEARCH_PATHS = (
					"$(inherited)",
					"@executable_path/Frameworks",
					"@loader_path/Frameworks",
				);
				OTHER_LDFLAGS = (
					"-ObjC",
					"-lc++",
					"$(inherited)",
				);
				PRODUCT_BUNDLE_IDENTIFIER = "org.reactjs.native.example.$(PRODUCT_NAME:rfc1034identifier)";
				PRODUCT_NAME = "$(TARGET_NAME)";
				TEST_HOST = "$(BUILT_PRODUCTS_DIR)/WhoCalls.app/WhoCalls";
			};
			name = Release;
		};
		13B07F941A680F5B00A75B9A /* Debug */ = {
			isa = XCBuildConfiguration;
			baseConfigurationReference = 6138325A52B4B4F2FE3E13A5 /* Pods-WhoCalls.debug.xcconfig */;
			buildSettings = {
				ASSETCATALOG_COMPILER_APPICON_NAME = AppIcon;
				CLANG_ENABLE_MODULES = YES;
				CURRENT_PROJECT_VERSION = 1;
				ENABLE_BITCODE = NO;
				INFOPLIST_FILE = WhoCalls/Info.plist;
				IPHONEOS_DEPLOYMENT_TARGET = 15.1;
				LD_RUNPATH_SEARCH_PATHS = (
					"$(inherited)",
					"@executable_path/Frameworks",
				);
				MARKETING_VERSION = 1.0;
				OTHER_LDFLAGS = (
					"$(inherited)",
					"-ObjC",
					"-lc++",
				);
				PRODUCT_BUNDLE_IDENTIFIER = "org.reactjs.native.example.$(PRODUCT_NAME:rfc1034identifier)";
				PRODUCT_NAME = WhoCalls;
				SWIFT_OPTIMIZATION_LEVEL = "-Onone";
				SWIFT_VERSION = 5.0;
				VERSIONING_SYSTEM = "apple-generic";
			};
			name = Debug;
		};
		13B07F951A680F5B00A75B9A /* Release */ = {
			isa = XCBuildConfiguration;
			baseConfigurationReference = 50753BCB42EF05F1DE891828 /* Pods-WhoCalls.release.xcconfig */;
			buildSettings = {
				ASSETCATALOG_COMPILER_APPICON_NAME = AppIcon;
				CLANG_ENABLE_MODULES = YES;
				CURRENT_PROJECT_VERSION = 1;
				INFOPLIST_FILE = WhoCalls/Info.plist;
				IPHONEOS_DEPLOYMENT_TARGET = 15.1;
				LD_RUNPATH_SEARCH_PATHS = (
					"$(inherited)",
					"@executable_path/Frameworks",
				);
				MARKETING_VERSION = 1.0;
				OTHER_LDFLAGS = (
					"$(inherited)",
					"-ObjC",
					"-lc++",
				);
				PRODUCT_BUNDLE_IDENTIFIER = "org.reactjs.native.example.$(PRODUCT_NAME:rfc1034identifier)";
				PRODUCT_NAME = WhoCalls;
				SWIFT_VERSION = 5.0;
				VERSIONING_SYSTEM = "apple-generic";
			};
			name = Release;
		};
		83CBBA201A601CBA00E9B192 /* Debug */ = {
			isa = XCBuildConfiguration;
			buildSettings = {
				ALWAYS_SEARCH_USER_PATHS = NO;
				ASSETCATALOG_COMPILER_GENERATE_SWIFT_ASSET_SYMBOL_EXTENSIONS = YES;
				CLANG_ANALYZER_LOCALIZABILITY_NONLOCALIZED = YES;
				CLANG_CXX_LANGUAGE_STANDARD = "c++20";
				CLANG_CXX_LIBRARY = "libc++";
				CLANG_ENABLE_MODULES = YES;
				CLANG_ENABLE_OBJC_ARC = YES;
				CLANG_WARN_BLOCK_CAPTURE_AUTORELEASING = YES;
				CLANG_WARN_BOOL_CONVERSION = YES;
				CLANG_WARN_COMMA = YES;
				CLANG_WARN_CONSTANT_CONVERSION = YES;
				CLANG_WARN_DEPRECATED_OBJC_IMPLEMENTATIONS = YES;
				CLANG_WARN_DIRECT_OBJC_ISA_USAGE = YES_ERROR;
				CLANG_WARN_EMPTY_BODY = YES;
				CLANG_WARN_ENUM_CONVERSION = YES;
				CLANG_WARN_INFINITE_RECURSION = YES;
				CLANG_WARN_INT_CONVERSION = YES;
				CLANG_WARN_NON_LITERAL_NULL_CONVERSION = YES;
				CLANG_WARN_OBJC_IMPLICIT_RETAIN_SELF = YES;
				CLANG_WARN_OBJC_LITERAL_CONVERSION = YES;
				CLANG_WARN_OBJC_ROOT_CLASS = YES_ERROR;
				CLANG_WARN_QUOTED_INCLUDE_IN_FRAMEWORK_HEADER = YES;
				CLANG_WARN_RANGE_LOOP_ANALYSIS = YES;
				CLANG_WARN_STRICT_PROTOTYPES = YES;
				CLANG_WARN_SUSPICIOUS_MOVE = YES;
				CLANG_WARN_UNREACHABLE_CODE = YES;
				CLANG_WARN__DUPLICATE_METHOD_MATCH = YES;
				"CODE_SIGN_IDENTITY[sdk=iphoneos*]" = "iPhone Developer";
				COPY_PHASE_STRIP = NO;
				ENABLE_STRICT_OBJC_MSGSEND = YES;
				ENABLE_TESTABILITY = YES;
				ENABLE_USER_SCRIPT_SANDBOXING = NO;
				"EXCLUDED_ARCHS[sdk=iphonesimulator*]" = "";
				GCC_C_LANGUAGE_STANDARD = gnu99;
				GCC_DYNAMIC_NO_PIC = NO;
				GCC_NO_COMMON_BLOCKS = YES;
				GCC_OPTIMIZATION_LEVEL = 0;
				GCC_PREPROCESSOR_DEFINITIONS = (
					"DEBUG=1",
					"$(inherited)",
				);
				GCC_SYMBOLS_PRIVATE_EXTERN = NO;
				GCC_WARN_64_TO_32_BIT_CONVERSION = YES;
				GCC_WARN_ABOUT_RETURN_TYPE = YES_ERROR;
				GCC_WARN_UNDECLARED_SELECTOR = YES;
				GCC_WARN_UNINITIALIZED_AUTOS = YES_AGGRESSIVE;
				GCC_WARN_UNUSED_FUNCTION = YES;
				GCC_WARN_UNUSED_VARIABLE = YES;
				IPHONEOS_DEPLOYMENT_TARGET = 15.1;
				LD_RUNPATH_SEARCH_PATHS = (
					/usr/lib/swift,
					"$(inherited)",
				);
				LIBRARY_SEARCH_PATHS = (
					"\"$(SDKROOT)/usr/lib/swift\"",
					"\"$(TOOLCHAIN_DIR)/usr/lib/swift/$(PLATFORM_NAME)\"",
					"\"$(inherited)\"",
				);
				MTL_ENABLE_DEBUG_INFO = YES;
				ONLY_ACTIVE_ARCH = YES;
				OTHER_CPLUSPLUSFLAGS = (
					"$(OTHER_CFLAGS)",
					"-DFOLLY_NO_CONFIG",
					"-DFOLLY_MOBILE=1",
					"-DFOLLY_USE_LIBCPP=1",
					"-DFOLLY_CFG_NO_COROUTINES=1",
					"-DFOLLY_HAVE_CLOCK_GETTIME=1",
				);
				OTHER_LDFLAGS = "$(inherited)  ";
				REACT_NATIVE_PATH = "${PODS_ROOT}/../../node_modules/react-native";
				SDKROOT = iphoneos;
				SWIFT_ACTIVE_COMPILATION_CONDITIONS = "$(inherited) DEBUG";
				USE_HERMES = true;
			};
			name = Debug;
		};
		83CBBA211A601CBA00E9B192 /* Release */ = {
			isa = XCBuildConfiguration;
			buildSettings = {
				ALWAYS_SEARCH_USER_PATHS = NO;
				ASSETCATALOG_COMPILER_GENERATE_SWIFT_ASSET_SYMBOL_EXTENSIONS = YES;
				CLANG_ANALYZER_LOCALIZABILITY_NONLOCALIZED = YES;
				CLANG_CXX_LANGUAGE_STANDARD = "c++20";
				CLANG_CXX_LIBRARY = "libc++";
				CLANG_ENABLE_MODULES = YES;
				CLANG_ENABLE_OBJC_ARC = YES;
				CLANG_WARN_BLOCK_CAPTURE_AUTORELEASING = YES;
				CLANG_WARN_BOOL_CONVERSION = YES;
				CLANG_WARN_COMMA = YES;
				CLANG_WARN_CONSTANT_CONVERSION = YES;
				CLANG_WARN_DEPRECATED_OBJC_IMPLEMENTATIONS = YES;
				CLANG_WARN_DIRECT_OBJC_ISA_USAGE = YES_ERROR;
				CLANG_WARN_EMPTY_BODY = YES;
				CLANG_WARN_ENUM_CONVERSION = YES;
				CLANG_WARN_INFINITE_RECURSION = YES;
				CLANG_WARN_INT_CONVERSION = YES;
				CLANG_WARN_NON_LITERAL_NULL_CONVERSION = YES;
				CLANG_WARN_OBJC_IMPLICIT_RETAIN_SELF = YES;
				CLANG_WARN_OBJC_LITERAL_CONVERSION = YES;
				CLANG_WARN_OBJC_ROOT_CLASS = YES_ERROR;
				CLANG_WARN_QUOTED_INCLUDE_IN_FRAMEWORK_HEADER = YES;
				CLANG_WARN_RANGE_LOOP_ANALYSIS = YES;
				CLANG_WARN_STRICT_PROTOTYPES = YES;
				CLANG_WARN_SUSPICIOUS_MOVE = YES;
				CLANG_WARN_UNREACHABLE_CODE = YES;
				CLANG_WARN__DUPLICATE_METHOD_MATCH = YES;
				"CODE_SIGN_IDENTITY[sdk=iphoneos*]" = "iPhone Developer";
				COPY_PHASE_STRIP = YES;
				ENABLE_NS_ASSERTIONS = NO;
				ENABLE_STRICT_OBJC_MSGSEND = YES;
				ENABLE_USER_SCRIPT_SANDBOXING = NO;
				"EXCLUDED_ARCHS[sdk=iphonesimulator*]" = "";
				GCC_C_LANGUAGE_STANDARD = gnu99;
				GCC_NO_COMMON_BLOCKS = YES;
				GCC_WARN_64_TO_32_BIT_CONVERSION = YES;
				GCC_WARN_ABOUT_RETURN_TYPE = YES_ERROR;
				GCC_WARN_UNDECLARED_SELECTOR = YES;
				GCC_WARN_UNINITIALIZED_AUTOS = YES_AGGRESSIVE;
				GCC_WARN_UNUSED_FUNCTION = YES;
				GCC_WARN_UNUSED_VARIABLE = YES;
				IPHONEOS_DEPLOYMENT_TARGET = 15.1;
				LD_RUNPATH_SEARCH_PATHS = (
					/usr/lib/swift,
					"$(inherited)",
				);
				LIBRARY_SEARCH_PATHS = (
					"\"$(SDKROOT)/usr/lib/swift\"",
					"\"$(TOOLCHAIN_DIR)/usr/lib/swift/$(PLATFORM_NAME)\"",
					"\"$(inherited)\"",
				);
				MTL_ENABLE_DEBUG_INFO = NO;
				OTHER_CPLUSPLUSFLAGS = (
					"$(OTHER_CFLAGS)",
					"-DFOLLY_NO_CONFIG",
					"-DFOLLY_MOBILE=1",
					"-DFOLLY_USE_LIBCPP=1",
					"-DFOLLY_CFG_NO_COROUTINES=1",
					"-DFOLLY_HAVE_CLOCK_GETTIME=1",
				);
				OTHER_LDFLAGS = "$(inherited)  ";
				REACT_NATIVE_PATH = "${PODS_ROOT}/../../node_modules/react-native";
				SDKROOT = iphoneos;
				USE_HERMES = true;
				VALIDATE_PRODUCT = YES;
			};
			name = Release;
		};
/* End XCBuildConfiguration section */

/* Begin XCConfigurationList section */
		00E357021AD99517003FC87E /* Build configuration list for PBXNativeTarget "WhoCallsTests" */ = {
			isa = XCConfigurationList;
			buildConfigurations = (
				00E356F61AD99517003FC87E /* Debug */,
				00E356F71AD99517003FC87E /* Release */,
			);
			defaultConfigurationIsVisible = 0;
			defaultConfigurationName = Release;
		};
		13B07F931A680F5B00A75B9A /* Build configuration list for PBXNativeTarget "WhoCalls" */ = {
			isa = XCConfigurationList;
			buildConfigurations = (
				13B07F941A680F5B00A75B9A /* Debug */,
				13B07F951A680F5B00A75B9A /* Release */,
			);
			defaultConfigurationIsVisible = 0;
			defaultConfigurationName = Release;
		};
		83CBB9FA1A601CBA00E9B192 /* Build configuration list for PBXProject "WhoCalls" */ = {
			isa = XCConfigurationList;
			buildConfigurations = (
				83CBBA201A601CBA00E9B192 /* Debug */,
				83CBBA211A601CBA00E9B192 /* Release */,
			);
			defaultConfigurationIsVisible = 0;
			defaultConfigurationName = Release;
		};
/* End XCConfigurationList section */
	};
	rootObject = 83CBB9F71A601CBA00E9B192 /* Project object */;
}
